// !$*UTF8*$!
{
	archiveVersion = 1;
	classes = {
	};
	objectVersion = 51;
	objects = {

/* Begin PBXBuildFile section */
		800A70D023BF22AD000410C6 /* AppDelegate.swift in Sources */ = {isa = PBXBuildFile; fileRef = 800A70CF23BF22AD000410C6 /* AppDelegate.swift */; };
		800A70D223BF22AD000410C6 /* SceneDelegate.swift in Sources */ = {isa = PBXBuildFile; fileRef = 800A70D123BF22AD000410C6 /* SceneDelegate.swift */; };
		800A70D423BF22AD000410C6 /* ViewController.swift in Sources */ = {isa = PBXBuildFile; fileRef = 800A70D323BF22AD000410C6 /* ViewController.swift */; };
		800A70D723BF22AD000410C6 /* Main.storyboard in Resources */ = {isa = PBXBuildFile; fileRef = 800A70D523BF22AD000410C6 /* Main.storyboard */; };
		800A70D923BF22AF000410C6 /* Assets.xcassets in Resources */ = {isa = PBXBuildFile; fileRef = 800A70D823BF22AF000410C6 /* Assets.xcassets */; };
		800A70DC23BF22AF000410C6 /* LaunchScreen.storyboard in Resources */ = {isa = PBXBuildFile; fileRef = 800A70DA23BF22AF000410C6 /* LaunchScreen.storyboard */; };
		800A70E423BF2352000410C6 /* ViewControllerOne.swift in Sources */ = {isa = PBXBuildFile; fileRef = 800A70E323BF2352000410C6 /* ViewControllerOne.swift */; };
		800A70E623BF235E000410C6 /* ViewControllerTwo.swift in Sources */ = {isa = PBXBuildFile; fileRef = 800A70E523BF235E000410C6 /* ViewControllerTwo.swift */; };
		800A70E823BF2368000410C6 /* ViewControllerThree.swift in Sources */ = {isa = PBXBuildFile; fileRef = 800A70E723BF2368000410C6 /* ViewControllerThree.swift */; };
		800A70EA23BF2640000410C6 /* Extensions.swift in Sources */ = {isa = PBXBuildFile; fileRef = 800A70E923BF2640000410C6 /* Extensions.swift */; };
		800A70EC23BF3495000410C6 /* CityViewController.swift in Sources */ = {isa = PBXBuildFile; fileRef = 800A70EB23BF3495000410C6 /* CityViewController.swift */; };
		A6345635917B03B8C6936F4F /* Pods_ParchmentTest.framework in Frameworks */ = {isa = PBXBuildFile; fileRef = 4D78B615B1EC0961B28355C1 /* Pods_ParchmentTest.framework */; };
/* End PBXBuildFile section */

/* Begin PBXFileReference section */
		4D78B615B1EC0961B28355C1 /* Pods_ParchmentTest.framework */ = {isa = PBXFileReference; explicitFileType = wrapper.framework; includeInIndex = 0; path = Pods_ParchmentTest.framework; sourceTree = BUILT_PRODUCTS_DIR; };
		800A70CC23BF22AD000410C6 /* ParchmentTest.app */ = {isa = PBXFileReference; explicitFileType = wrapper.application; includeInIndex = 0; path = ParchmentTest.app; sourceTree = BUILT_PRODUCTS_DIR; };
		800A70CF23BF22AD000410C6 /* AppDelegate.swift */ = {isa = PBXFileReference; lastKnownFileType = sourcecode.swift; path = AppDelegate.swift; sourceTree = "<group>"; };
		800A70D123BF22AD000410C6 /* SceneDelegate.swift */ = {isa = PBXFileReference; lastKnownFileType = sourcecode.swift; path = SceneDelegate.swift; sourceTree = "<group>"; };
		800A70D323BF22AD000410C6 /* ViewController.swift */ = {isa = PBXFileReference; lastKnownFileType = sourcecode.swift; path = ViewController.swift; sourceTree = "<group>"; };
		800A70D623BF22AD000410C6 /* Base */ = {isa = PBXFileReference; lastKnownFileType = file.storyboard; name = Base; path = Base.lproj/Main.storyboard; sourceTree = "<group>"; };
		800A70D823BF22AF000410C6 /* Assets.xcassets */ = {isa = PBXFileReference; lastKnownFileType = folder.assetcatalog; path = Assets.xcassets; sourceTree = "<group>"; };
		800A70DB23BF22AF000410C6 /* Base */ = {isa = PBXFileReference; lastKnownFileType = file.storyboard; name = Base; path = Base.lproj/LaunchScreen.storyboard; sourceTree = "<group>"; };
		800A70DD23BF22AF000410C6 /* Info.plist */ = {isa = PBXFileReference; lastKnownFileType = text.plist.xml; path = Info.plist; sourceTree = "<group>"; };
		800A70E323BF2352000410C6 /* ViewControllerOne.swift */ = {isa = PBXFileReference; lastKnownFileType = sourcecode.swift; path = ViewControllerOne.swift; sourceTree = "<group>"; };
		800A70E523BF235E000410C6 /* ViewControllerTwo.swift */ = {isa = PBXFileReference; lastKnownFileType = sourcecode.swift; path = ViewControllerTwo.swift; sourceTree = "<group>"; };
		800A70E723BF2368000410C6 /* ViewControllerThree.swift */ = {isa = PBXFileReference; lastKnownFileType = sourcecode.swift; path = ViewControllerThree.swift; sourceTree = "<group>"; };
		800A70E923BF2640000410C6 /* Extensions.swift */ = {isa = PBXFileReference; lastKnownFileType = sourcecode.swift; path = Extensions.swift; sourceTree = "<group>"; };
		800A70EB23BF3495000410C6 /* CityViewController.swift */ = {isa = PBXFileReference; lastKnownFileType = sourcecode.swift; path = CityViewController.swift; sourceTree = "<group>"; };
		AE18211A57DF9770D67E1EEF /* Pods-ParchmentTest.debug.xcconfig */ = {isa = PBXFileReference; includeInIndex = 1; lastKnownFileType = text.xcconfig; name = "Pods-ParchmentTest.debug.xcconfig"; path = "Target Support Files/Pods-ParchmentTest/Pods-ParchmentTest.debug.xcconfig"; sourceTree = "<group>"; };
		B3A547D231F6091F7CF34C62 /* Pods-ParchmentTest.release.xcconfig */ = {isa = PBXFileReference; includeInIndex = 1; lastKnownFileType = text.xcconfig; name = "Pods-ParchmentTest.release.xcconfig"; path = "Target Support Files/Pods-ParchmentTest/Pods-ParchmentTest.release.xcconfig"; sourceTree = "<group>"; };
/* End PBXFileReference section */

/* Begin PBXFrameworksBuildPhase section */
		800A70C923BF22AD000410C6 /* Frameworks */ = {
			isa = PBXFrameworksBuildPhase;
			buildActionMask = 2147483647;
			files = (
				A6345635917B03B8C6936F4F /* Pods_ParchmentTest.framework in Frameworks */,
			);
			runOnlyForDeploymentPostprocessing = 0;
		};
/* End PBXFrameworksBuildPhase section */

/* Begin PBXGroup section */
		41CE28D7F587464D8BCD1D95 /* Frameworks */ = {
			isa = PBXGroup;
			children = (
				4D78B615B1EC0961B28355C1 /* Pods_ParchmentTest.framework */,
			);
			name = Frameworks;
			sourceTree = "<group>";
		};
		800A70C323BF22AD000410C6 = {
			isa = PBXGroup;
			children = (
				800A70CE23BF22AD000410C6 /* ParchmentTest */,
				800A70CD23BF22AD000410C6 /* Products */,
				B0FC2C97472AEB42F01302F6 /* Pods */,
				41CE28D7F587464D8BCD1D95 /* Frameworks */,
			);
			sourceTree = "<group>";
		};
		800A70CD23BF22AD000410C6 /* Products */ = {
			isa = PBXGroup;
			children = (
				800A70CC23BF22AD000410C6 /* ParchmentTest.app */,
			);
			name = Products;
			sourceTree = "<group>";
		};
		800A70CE23BF22AD000410C6 /* ParchmentTest */ = {
			isa = PBXGroup;
			children = (
				800A70CF23BF22AD000410C6 /* AppDelegate.swift */,
				800A70D123BF22AD000410C6 /* SceneDelegate.swift */,
				800A70D323BF22AD000410C6 /* ViewController.swift */,
				800A70E323BF2352000410C6 /* ViewControllerOne.swift */,
				800A70EB23BF3495000410C6 /* CityViewController.swift */,
				800A70E523BF235E000410C6 /* ViewControllerTwo.swift */,
				800A70E723BF2368000410C6 /* ViewControllerThree.swift */,
				800A70E923BF2640000410C6 /* Extensions.swift */,
				800A70D523BF22AD000410C6 /* Main.storyboard */,
				800A70D823BF22AF000410C6 /* Assets.xcassets */,
				800A70DA23BF22AF000410C6 /* LaunchScreen.storyboard */,
				800A70DD23BF22AF000410C6 /* Info.plist */,
			);
			path = ParchmentTest;
			sourceTree = "<group>";
		};
		B0FC2C97472AEB42F01302F6 /* Pods */ = {
			isa = PBXGroup;
			children = (
				AE18211A57DF9770D67E1EEF /* Pods-ParchmentTest.debug.xcconfig */,
				B3A547D231F6091F7CF34C62 /* Pods-ParchmentTest.release.xcconfig */,
			);
			path = Pods;
			sourceTree = "<group>";
		};
/* End PBXGroup section */

/* Begin PBXNativeTarget section */
		800A70CB23BF22AD000410C6 /* ParchmentTest */ = {
			isa = PBXNativeTarget;
			buildConfigurationList = 800A70E023BF22AF000410C6 /* Build configuration list for PBXNativeTarget "ParchmentTest" */;
			buildPhases = (
				6E451044000F2FC2F53620B5 /* [CP] Check Pods Manifest.lock */,
				800A70C823BF22AD000410C6 /* Sources */,
				800A70C923BF22AD000410C6 /* Frameworks */,
				800A70CA23BF22AD000410C6 /* Resources */,
				765D8C3D747FEC159062D109 /* [CP] Embed Pods Frameworks */,
			);
			buildRules = (
			);
			dependencies = (
			);
			name = ParchmentTest;
			productName = ParchmentTest;
			productReference = 800A70CC23BF22AD000410C6 /* ParchmentTest.app */;
			productType = "com.apple.product-type.application";
		};
/* End PBXNativeTarget section */

/* Begin PBXProject section */
		800A70C423BF22AD000410C6 /* Project object */ = {
			isa = PBXProject;
			attributes = {
				LastSwiftUpdateCheck = 1130;
				LastUpgradeCheck = 1130;
				ORGANIZATIONNAME = "Keishin CHOU";
				TargetAttributes = {
					800A70CB23BF22AD000410C6 = {
						CreatedOnToolsVersion = 11.3;
					};
				};
			};
			buildConfigurationList = 800A70C723BF22AD000410C6 /* Build configuration list for PBXProject "ParchmentTest" */;
			compatibilityVersion = "Xcode 9.3";
			developmentRegion = en;
			hasScannedForEncodings = 0;
			knownRegions = (
				en,
				Base,
			);
			mainGroup = 800A70C323BF22AD000410C6;
			productRefGroup = 800A70CD23BF22AD000410C6 /* Products */;
			projectDirPath = "";
			projectRoot = "";
			targets = (
				800A70CB23BF22AD000410C6 /* ParchmentTest */,
			);
		};
/* End PBXProject section */

/* Begin PBXResourcesBuildPhase section */
		800A70CA23BF22AD000410C6 /* Resources */ = {
			isa = PBXResourcesBuildPhase;
			buildActionMask = 2147483647;
			files = (
				800A70DC23BF22AF000410C6 /* LaunchScreen.storyboard in Resources */,
				800A70D923BF22AF000410C6 /* Assets.xcassets in Resources */,
				800A70D723BF22AD000410C6 /* Main.storyboard in Resources */,
			);
			runOnlyForDeploymentPostprocessing = 0;
		};
/* End PBXResourcesBuildPhase section */

/* Begin PBXShellScriptBuildPhase section */
		6E451044000F2FC2F53620B5 /* [CP] Check Pods Manifest.lock */ = {
			isa = PBXShellScriptBuildPhase;
			buildActionMask = 2147483647;
			files = (
			);
			inputFileListPaths = (
			);
			inputPaths = (
				"${PODS_PODFILE_DIR_PATH}/Podfile.lock",
				"${PODS_ROOT}/Manifest.lock",
			);
			name = "[CP] Check Pods Manifest.lock";
			outputFileListPaths = (
			);
			outputPaths = (
				"$(DERIVED_FILE_DIR)/Pods-ParchmentTest-checkManifestLockResult.txt",
			);
			runOnlyForDeploymentPostprocessing = 0;
			shellPath = /bin/sh;
			shellScript = "diff \"${PODS_PODFILE_DIR_PATH}/Podfile.lock\" \"${PODS_ROOT}/Manifest.lock\" > /dev/null\nif [ $? != 0 ] ; then\n    # print error to STDERR\n    echo \"error: The sandbox is not in sync with the Podfile.lock. Run 'pod install' or update your CocoaPods installation.\" >&2\n    exit 1\nfi\n# This output is used by Xcode 'outputs' to avoid re-running this script phase.\necho \"SUCCESS\" > \"${SCRIPT_OUTPUT_FILE_0}\"\n";
			showEnvVarsInLog = 0;
		};
		765D8C3D747FEC159062D109 /* [CP] Embed Pods Frameworks */ = {
			isa = PBXShellScriptBuildPhase;
			buildActionMask = 2147483647;
			files = (
			);
			inputFileListPaths = (
				"${PODS_ROOT}/Target Support Files/Pods-ParchmentTest/Pods-ParchmentTest-frameworks-${CONFIGURATION}-input-files.xcfilelist",
			);
			name = "[CP] Embed Pods Frameworks";
			outputFileListPaths = (
				"${PODS_ROOT}/Target Support Files/Pods-ParchmentTest/Pods-ParchmentTest-frameworks-${CONFIGURATION}-output-files.xcfilelist",
			);
			runOnlyForDeploymentPostprocessing = 0;
			shellPath = /bin/sh;
			shellScript = "\"${PODS_ROOT}/Target Support Files/Pods-ParchmentTest/Pods-ParchmentTest-frameworks.sh\"\n";
			showEnvVarsInLog = 0;
		};
/* End PBXShellScriptBuildPhase section */

/* Begin PBXSourcesBuildPhase section */
		800A70C823BF22AD000410C6 /* Sources */ = {
			isa = PBXSourcesBuildPhase;
			buildActionMask = 2147483647;
			files = (
				800A70E623BF235E000410C6 /* ViewControllerTwo.swift in Sources */,
				800A70E823BF2368000410C6 /* ViewControllerThree.swift in Sources */,
				800A70D423BF22AD000410C6 /* ViewController.swift in Sources */,
				800A70EC23BF3495000410C6 /* CityViewController.swift in Sources */,
				800A70D023BF22AD000410C6 /* AppDelegate.swift in Sources */,
				800A70D223BF22AD000410C6 /* SceneDelegate.swift in Sources */,
				800A70E423BF2352000410C6 /* ViewControllerOne.swift in Sources */,
				800A70EA23BF2640000410C6 /* Extensions.swift in Sources */,
			);
			runOnlyForDeploymentPostprocessing = 0;
		};
/* End PBXSourcesBuildPhase section */

/* Begin PBXVariantGroup section */
		800A70D523BF22AD000410C6 /* Main.storyboard */ = {
			isa = PBXVariantGroup;
			children = (
				800A70D623BF22AD000410C6 /* Base */,
			);
			name = Main.storyboard;
			sourceTree = "<group>";
		};
		800A70DA23BF22AF000410C6 /* LaunchScreen.storyboard */ = {
			isa = PBXVariantGroup;
			children = (
				800A70DB23BF22AF000410C6 /* Base */,
			);
			name = LaunchScreen.storyboard;
			sourceTree = "<group>";
		};
/* End PBXVariantGroup section */

/* Begin XCBuildConfiguration section */
		800A70DE23BF22AF000410C6 /* Debug */ = {
			isa = XCBuildConfiguration;
			buildSettings = {
				ALWAYS_SEARCH_USER_PATHS = NO;
				CLANG_ANALYZER_NONNULL = YES;
				CLANG_ANALYZER_NUMBER_OBJECT_CONVERSION = YES_AGGRESSIVE;
				CLANG_CXX_LANGUAGE_STANDARD = "gnu++14";
				CLANG_CXX_LIBRARY = "libc++";
				CLANG_ENABLE_MODULES = YES;
				CLANG_ENABLE_OBJC_ARC = YES;
				CLANG_ENABLE_OBJC_WEAK = YES;
				CLANG_WARN_BLOCK_CAPTURE_AUTORELEASING = YES;
				CLANG_WARN_BOOL_CONVERSION = YES;
				CLANG_WARN_COMMA = YES;
				CLANG_WARN_CONSTANT_CONVERSION = YES;
				CLANG_WARN_DEPRECATED_OBJC_IMPLEMENTATIONS = YES;
				CLANG_WARN_DIRECT_OBJC_ISA_USAGE = YES_ERROR;
				CLANG_WARN_DOCUMENTATION_COMMENTS = YES;
				CLANG_WARN_EMPTY_BODY = YES;
				CLANG_WARN_ENUM_CONVERSION = YES;
				CLANG_WARN_INFINITE_RECURSION = YES;
				CLANG_WARN_INT_CONVERSION = YES;
				CLANG_WARN_NON_LITERAL_NULL_CONVERSION = YES;
				CLANG_WARN_OBJC_IMPLICIT_RETAIN_SELF = YES;
				CLANG_WARN_OBJC_LITERAL_CONVERSION = YES;
				CLANG_WARN_OBJC_ROOT_CLASS = YES_ERROR;
				CLANG_WARN_RANGE_LOOP_ANALYSIS = YES;
				CLANG_WARN_STRICT_PROTOTYPES = YES;
				CLANG_WARN_SUSPICIOUS_MOVE = YES;
				CLANG_WARN_UNGUARDED_AVAILABILITY = YES_AGGRESSIVE;
				CLANG_WARN_UNREACHABLE_CODE = YES;
				CLANG_WARN__DUPLICATE_METHOD_MATCH = YES;
				COPY_PHASE_STRIP = NO;
				DEBUG_INFORMATION_FORMAT = dwarf;
				ENABLE_STRICT_OBJC_MSGSEND = YES;
				ENABLE_TESTABILITY = YES;
				GCC_C_LANGUAGE_STANDARD = gnu11;
				GCC_DYNAMIC_NO_PIC = NO;
				GCC_NO_COMMON_BLOCKS = YES;
				GCC_OPTIMIZATION_LEVEL = 0;
				GCC_PREPROCESSOR_DEFINITIONS = (
					"DEBUG=1",
					"$(inherited)",
				);
				GCC_WARN_64_TO_32_BIT_CONVERSION = YES;
				GCC_WARN_ABOUT_RETURN_TYPE = YES_ERROR;
				GCC_WARN_UNDECLARED_SELECTOR = YES;
				GCC_WARN_UNINITIALIZED_AUTOS = YES_AGGRESSIVE;
				GCC_WARN_UNUSED_FUNCTION = YES;
				GCC_WARN_UNUSED_VARIABLE = YES;
				IPHONEOS_DEPLOYMENT_TARGET = 13.2;
				MTL_ENABLE_DEBUG_INFO = INCLUDE_SOURCE;
				MTL_FAST_MATH = YES;
				ONLY_ACTIVE_ARCH = YES;
				SDKROOT = iphoneos;
				SWIFT_ACTIVE_COMPILATION_CONDITIONS = DEBUG;
				SWIFT_OPTIMIZATION_LEVEL = "-Onone";
			};
			name = Debug;
		};
		800A70DF23BF22AF000410C6 /* Release */ = {
			isa = XCBuildConfiguration;
			buildSettings = {
				ALWAYS_SEARCH_USER_PATHS = NO;
				CLANG_ANALYZER_NONNULL = YES;
				CLANG_ANALYZER_NUMBER_OBJECT_CONVERSION = YES_AGGRESSIVE;
				CLANG_CXX_LANGUAGE_STANDARD = "gnu++14";
				CLANG_CXX_LIBRARY = "libc++";
				CLANG_ENABLE_MODULES = YES;
				CLANG_ENABLE_OBJC_ARC = YES;
				CLANG_ENABLE_OBJC_WEAK = YES;
				CLANG_WARN_BLOCK_CAPTURE_AUTORELEASING = YES;
				CLANG_WARN_BOOL_CONVERSION = YES;
				CLANG_WARN_COMMA = YES;
				CLANG_WARN_CONSTANT_CONVERSION = YES;
				CLANG_WARN_DEPRECATED_OBJC_IMPLEMENTATIONS = YES;
				CLANG_WARN_DIRECT_OBJC_ISA_USAGE = YES_ERROR;
				CLANG_WARN_DOCUMENTATION_COMMENTS = YES;
				CLANG_WARN_EMPTY_BODY = YES;
				CLANG_WARN_ENUM_CONVERSION = YES;
				CLANG_WARN_INFINITE_RECURSION = YES;
				CLANG_WARN_INT_CONVERSION = YES;
				CLANG_WARN_NON_LITERAL_NULL_CONVERSION = YES;
				CLANG_WARN_OBJC_IMPLICIT_RETAIN_SELF = YES;
				CLANG_WARN_OBJC_LITERAL_CONVERSION = YES;
				CLANG_WARN_OBJC_ROOT_CLASS = YES_ERROR;
				CLANG_WARN_RANGE_LOOP_ANALYSIS = YES;
				CLANG_WARN_STRICT_PROTOTYPES = YES;
				CLANG_WARN_SUSPICIOUS_MOVE = YES;
				CLANG_WARN_UNGUARDED_AVAILABILITY = YES_AGGRESSIVE;
				CLANG_WARN_UNREACHABLE_CODE = YES;
				CLANG_WARN__DUPLICATE_METHOD_MATCH = YES;
				COPY_PHASE_STRIP = NO;
				DEBUG_INFORMATION_FORMAT = "dwarf-with-dsym";
				ENABLE_NS_ASSERTIONS = NO;
				ENABLE_STRICT_OBJC_MSGSEND = YES;
				GCC_C_LANGUAGE_STANDARD = gnu11;
				GCC_NO_COMMON_BLOCKS = YES;
				GCC_WARN_64_TO_32_BIT_CONVERSION = YES;
				GCC_WARN_ABOUT_RETURN_TYPE = YES_ERROR;
				GCC_WARN_UNDECLARED_SELECTOR = YES;
				GCC_WARN_UNINITIALIZED_AUTOS = YES_AGGRESSIVE;
				GCC_WARN_UNUSED_FUNCTION = YES;
				GCC_WARN_UNUSED_VARIABLE = YES;
				IPHONEOS_DEPLOYMENT_TARGET = 13.2;
				MTL_ENABLE_DEBUG_INFO = NO;
				MTL_FAST_MATH = YES;
				SDKROOT = iphoneos;
				SWIFT_COMPILATION_MODE = wholemodule;
				SWIFT_OPTIMIZATION_LEVEL = "-O";
				VALIDATE_PRODUCT = YES;
			};
			name = Release;
		};
		800A70E123BF22AF000410C6 /* Debug */ = {
			isa = XCBuildConfiguration;
			baseConfigurationReference = AE18211A57DF9770D67E1EEF /* Pods-ParchmentTest.debug.xcconfig */;
			buildSettings = {
				ASSETCATALOG_COMPILER_APPICON_NAME = AppIcon;
				CODE_SIGN_STYLE = Automatic;
				DEVELOPMENT_TEAM = VR8K5GN7PS;
				INFOPLIST_FILE = ParchmentTest/Info.plist;
				LD_RUNPATH_SEARCH_PATHS = (
					"$(inherited)",
					"@executable_path/Frameworks",
				);
				PRODUCT_BUNDLE_IDENTIFIER = com.SwiftProject.Keishin.ParchmentTest;
				PRODUCT_NAME = "$(TARGET_NAME)";
				SWIFT_VERSION = 5.0;
				TARGETED_DEVICE_FAMILY = "1,2";
			};
			name = Debug;
		};
		800A70E223BF22AF000410C6 /* Release */ = {
			isa = XCBuildConfiguration;
			baseConfigurationReference = B3A547D231F6091F7CF34C62 /* Pods-ParchmentTest.release.xcconfig */;
			buildSettings = {
				ASSETCATALOG_COMPILER_APPICON_NAME = AppIcon;
				CODE_SIGN_STYLE = Automatic;
				DEVELOPMENT_TEAM = VR8K5GN7PS;
				INFOPLIST_FILE = ParchmentTest/Info.plist;
				LD_RUNPATH_SEARCH_PATHS = (
					"$(inherited)",
					"@executable_path/Frameworks",
				);
				PRODUCT_BUNDLE_IDENTIFIER = com.SwiftProject.Keishin.ParchmentTest;
				PRODUCT_NAME = "$(TARGET_NAME)";
				SWIFT_VERSION = 5.0;
				TARGETED_DEVICE_FAMILY = "1,2";
			};
			name = Release;
		};
/* End XCBuildConfiguration section */

/* Begin XCConfigurationList section */
		800A70C723BF22AD000410C6 /* Build configuration list for PBXProject "ParchmentTest" */ = {
			isa = XCConfigurationList;
			buildConfigurations = (
				800A70DE23BF22AF000410C6 /* Debug */,
				800A70DF23BF22AF000410C6 /* Release */,
			);
			defaultConfigurationIsVisible = 0;
			defaultConfigurationName = Release;
		};
		800A70E023BF22AF000410C6 /* Build configuration list for PBXNativeTarget "ParchmentTest" */ = {
			isa = XCConfigurationList;
			buildConfigurations = (
				800A70E123BF22AF000410C6 /* Debug */,
				800A70E223BF22AF000410C6 /* Release */,
			);
			defaultConfigurationIsVisible = 0;
			defaultConfigurationName = Release;
		};
/* End XCConfigurationList section */
	};
	rootObject = 800A70C423BF22AD000410C6 /* Project object */;
}
